
Microsoft Visual Studio Solution File, Format Version 12.00
# Visual Studio Version 17
VisualStudioVersion = 17.0.31903.59
MinimumVisualStudioVersion = 10.0.40219.1
Project("{FAE04EC0-301F-11D3-BF4B-00C04F79EFBC}") = "API", "API\API.csproj", "{3A751B93-35BE-4AA9-B2D5-CCE02F0150CA}"
EndProject
Project("{FAE04EC0-301F-11D3-BF4B-00C04F79EFBC}") = "Application", "Application\Application.csproj", "{C4117B24-BAEF-45C2-920B-BD17C9A7391E}"
EndProject
Project("{FAE04EC0-301F-11D3-BF4B-00C04F79EFBC}") = "Domain", "Domain\Domain.csproj", "{D9A07B30-6F1D-4E6D-A409-5615A2A86098}"
EndProject
Project("{FAE04EC0-301F-11D3-BF4B-00C04F79EFBC}") = "Persistence", "Persistence\Persistence.csproj", "{0B7032CE-A218-4D0C-B3AE-3F6522A527DA}"
EndProject
Global
	GlobalSection(SolutionConfigurationPlatforms) = preSolution
		Debug|Any CPU = Debug|Any CPU
		Release|Any CPU = Release|Any CPU
	EndGlobalSection
	GlobalSection(SolutionProperties) = preSolution
		HideSolutionNode = FALSE
	EndGlobalSection
	GlobalSection(ProjectConfigurationPlatforms) = postSolution
		{3A751B93-35BE-4AA9-B2D5-CCE02F0150CA}.Debug|Any CPU.ActiveCfg = Debug|Any CPU
		{3A751B93-35BE-4AA9-B2D5-CCE02F0150CA}.Debug|Any CPU.Build.0 = Debug|Any CPU
		{3A751B93-35BE-4AA9-B2D5-CCE02F0150CA}.Release|Any CPU.ActiveCfg = Release|Any CPU
		{3A751B93-35BE-4AA9-B2D5-CCE02F0150CA}.Release|Any CPU.Build.0 = Release|Any CPU
		{C4117B24-BAEF-45C2-920B-BD17C9A7391E}.Debug|Any CPU.ActiveCfg = Debug|Any CPU
		{C4117B24-BAEF-45C2-920B-BD17C9A7391E}.Debug|Any CPU.Build.0 = Debug|Any CPU
		{C4117B24-BAEF-45C2-920B-BD17C9A7391E}.Release|Any CPU.ActiveCfg = Release|Any CPU
		{C4117B24-BAEF-45C2-920B-BD17C9A7391E}.Release|Any CPU.Build.0 = Release|Any CPU
		{D9A07B30-6F1D-4E6D-A409-5615A2A86098}.Debug|Any CPU.ActiveCfg = Debug|Any CPU
		{D9A07B30-6F1D-4E6D-A409-5615A2A86098}.Debug|Any CPU.Build.0 = Debug|Any CPU
		{D9A07B30-6F1D-4E6D-A409-5615A2A86098}.Release|Any CPU.ActiveCfg = Release|Any CPU
		{D9A07B30-6F1D-4E6D-A409-5615A2A86098}.Release|Any CPU.Build.0 = Release|Any CPU
		{0B7032CE-A218-4D0C-B3AE-3F6522A527DA}.Debug|Any CPU.ActiveCfg = Debug|Any CPU
		{0B7032CE-A218-4D0C-B3AE-3F6522A527DA}.Debug|Any CPU.Build.0 = Debug|Any CPU
		{0B7032CE-A218-4D0C-B3AE-3F6522A527DA}.Release|Any CPU.ActiveCfg = Release|Any CPU
		{0B7032CE-A218-4D0C-B3AE-3F6522A527DA}.Release|Any CPU.Build.0 = Release|Any CPU
	EndGlobalSection
EndGlobal
